
Microsoft Visual Studio Solution File, Format Version 12.00
# Visual Studio Version 17
VisualStudioVersion = 17.10.35122.118
MinimumVisualStudioVersion = 10.0.40219.1
Project("{FAE04EC0-301F-11D3-BF4B-00C04F79EFBC}") = "LatihanGithub", "LatihanGithub.csproj", "{4AB65191-0E7D-4D38-933C-6E27AD4F8A9B}"
EndProject
Global
	GlobalSection(SolutionConfigurationPlatforms) = preSolution
		Debug|Any CPU = Debug|Any CPU
		Release|Any CPU = Release|Any CPU
	EndGlobalSection
	GlobalSection(ProjectConfigurationPlatforms) = postSolution
		{4AB65191-0E7D-4D38-933C-6E27AD4F8A9B}.Debug|Any CPU.ActiveCfg = Debug|Any CPU
		{4AB65191-0E7D-4D38-933C-6E27AD4F8A9B}.Debug|Any CPU.Build.0 = Debug|Any CPU
		{4AB65191-0E7D-4D38-933C-6E27AD4F8A9B}.Release|Any CPU.ActiveCfg = Release|Any CPU
		{4AB65191-0E7D-4D38-933C-6E27AD4F8A9B}.Release|Any CPU.Build.0 = Release|Any CPU
	EndGlobalSection
	GlobalSection(SolutionProperties) = preSolution
		HideSolutionNode = FALSE
	EndGlobalSection
	GlobalSection(ExtensibilityGlobals) = postSolution
		SolutionGuid = {F5EC1D7C-A743-4E6A-B61E-333E78E1D4C8}
	EndGlobalSection
EndGlobal
